
Microsoft Visual Studio Solution File, Format Version 12.00
# Visual Studio Version 16
VisualStudioVersion = 16.0.31624.102
MinimumVisualStudioVersion = 10.0.40219.1
Project("{8BC9CEB8-8B4A-11D0-8D11-00A0C91BC942}") = "PR6.2", "PR6.2.vcxproj", "{99382043-580D-4400-AD5D-C53BF7538302}"
EndProject
Project("{8BC9CEB8-8B4A-11D0-8D11-00A0C91BC942}") = "UnitTest6.2", "..\UnitTest6.2\UnitTest6.2.vcxproj", "{72A4E97F-F4DB-4B1F-81B0-43B588D3DBCB}"
EndProject
Global
	GlobalSection(SolutionConfigurationPlatforms) = preSolution
		Debug|x64 = Debug|x64
		Debug|x86 = Debug|x86
		Release|x64 = Release|x64
		Release|x86 = Release|x86
	EndGlobalSection
	GlobalSection(ProjectConfigurationPlatforms) = postSolution
		{99382043-580D-4400-AD5D-C53BF7538302}.Debug|x64.ActiveCfg = Debug|x64
		{99382043-580D-4400-AD5D-C53BF7538302}.Debug|x64.Build.0 = Debug|x64
		{99382043-580D-4400-AD5D-C53BF7538302}.Debug|x86.ActiveCfg = Debug|Win32
		{99382043-580D-4400-AD5D-C53BF7538302}.Debug|x86.Build.0 = Debug|Win32
		{99382043-580D-4400-AD5D-C53BF7538302}.Release|x64.ActiveCfg = Release|x64
		{99382043-580D-4400-AD5D-C53BF7538302}.Release|x64.Build.0 = Release|x64
		{99382043-580D-4400-AD5D-C53BF7538302}.Release|x86.ActiveCfg = Release|Win32
		{99382043-580D-4400-AD5D-C53BF7538302}.Release|x86.Build.0 = Release|Win32
		{72A4E97F-F4DB-4B1F-81B0-43B588D3DBCB}.Debug|x64.ActiveCfg = Debug|x64
		{72A4E97F-F4DB-4B1F-81B0-43B588D3DBCB}.Debug|x64.Build.0 = Debug|x64
		{72A4E97F-F4DB-4B1F-81B0-43B588D3DBCB}.Debug|x86.ActiveCfg = Debug|Win32
		{72A4E97F-F4DB-4B1F-81B0-43B588D3DBCB}.Debug|x86.Build.0 = Debug|Win32
		{72A4E97F-F4DB-4B1F-81B0-43B588D3DBCB}.Release|x64.ActiveCfg = Release|x64
		{72A4E97F-F4DB-4B1F-81B0-43B588D3DBCB}.Release|x64.Build.0 = Release|x64
		{72A4E97F-F4DB-4B1F-81B0-43B588D3DBCB}.Release|x86.ActiveCfg = Release|Win32
		{72A4E97F-F4DB-4B1F-81B0-43B588D3DBCB}.Release|x86.Build.0 = Release|Win32
	EndGlobalSection
	GlobalSection(SolutionProperties) = preSolution
		HideSolutionNode = FALSE
	EndGlobalSection
	GlobalSection(ExtensibilityGlobals) = postSolution
		SolutionGuid = {01537A5B-0626-4CE1-BB82-6A924757E5DC}
	EndGlobalSection
EndGlobal
